// !$*UTF8*$!
{
	archiveVersion = 1;
	classes = {
	};
	objectVersion = 77;
	objects = {

/* Begin PBXContainerItemProxy section */
		C891368D2D4A4A12006C00F9 /* PBXContainerItemProxy */ = {
			isa = PBXContainerItemProxy;
			containerPortal = C89136732D4A4A11006C00F9 /* Project object */;
			proxyType = 1;
			remoteGlobalIDString = C891367A2D4A4A11006C00F9;
			remoteInfo = "Overlay Problem";
		};
		C89136972D4A4A13006C00F9 /* PBXContainerItemProxy */ = {
			isa = PBXContainerItemProxy;
			containerPortal = C89136732D4A4A11006C00F9 /* Project object */;
			proxyType = 1;
			remoteGlobalIDString = C891367A2D4A4A11006C00F9;
			remoteInfo = "Overlay Problem";
		};
/* End PBXContainerItemProxy section */

/* Begin PBXFileReference section */
		C891367B2D4A4A11006C00F9 /* Overlay Problem.app */ = {isa = PBXFileReference; explicitFileType = wrapper.application; includeInIndex = 0; path = "Overlay Problem.app"; sourceTree = BUILT_PRODUCTS_DIR; };
		C891368C2D4A4A12006C00F9 /* Overlay ProblemTests.xctest */ = {isa = PBXFileReference; explicitFileType = wrapper.cfbundle; includeInIndex = 0; path = "Overlay ProblemTests.xctest"; sourceTree = BUILT_PRODUCTS_DIR; };
		C89136962D4A4A13006C00F9 /* Overlay ProblemUITests.xctest */ = {isa = PBXFileReference; explicitFileType = wrapper.cfbundle; includeInIndex = 0; path = "Overlay ProblemUITests.xctest"; sourceTree = BUILT_PRODUCTS_DIR; };
/* End PBXFileReference section */

/* Begin PBXFileSystemSynchronizedRootGroup section */
		C891367D2D4A4A11006C00F9 /* Overlay Problem */ = {
			isa = PBXFileSystemSynchronizedRootGroup;
			path = "Overlay Problem";
			sourceTree = "<group>";
		};
		C891368F2D4A4A12006C00F9 /* Overlay ProblemTests */ = {
			isa = PBXFileSystemSynchronizedRootGroup;
			path = "Overlay ProblemTests";
			sourceTree = "<group>";
		};
		C89136992D4A4A13006C00F9 /* Overlay ProblemUITests */ = {
			isa = PBXFileSystemSynchronizedRootGroup;
			path = "Overlay ProblemUITests";
			sourceTree = "<group>";
		};
/* End PBXFileSystemSynchronizedRootGroup section */

/* Begin PBXFrameworksBuildPhase section */
		C89136782D4A4A11006C00F9 /* Frameworks */ = {
			isa = PBXFrameworksBuildPhase;
			buildActionMask = 2147483647;
			files = (
			);
			runOnlyForDeploymentPostprocessing = 0;
		};
		C89136892D4A4A12006C00F9 /* Frameworks */ = {
			isa = PBXFrameworksBuildPhase;
			buildActionMask = 2147483647;
			files = (
			);
			runOnlyForDeploymentPostprocessing = 0;
		};
		C89136932D4A4A13006C00F9 /* Frameworks */ = {
			isa = PBXFrameworksBuildPhase;
			buildActionMask = 2147483647;
			files = (
			);
			runOnlyForDeploymentPostprocessing = 0;
		};
/* End PBXFrameworksBuildPhase section */

/* Begin PBXGroup section */
		C89136722D4A4A11006C00F9 = {
			isa = PBXGroup;
			children = (
				C891367D2D4A4A11006C00F9 /* Overlay Problem */,
				C891368F2D4A4A12006C00F9 /* Overlay ProblemTests */,
				C89136992D4A4A13006C00F9 /* Overlay ProblemUITests */,
				C891367C2D4A4A11006C00F9 /* Products */,
			);
			sourceTree = "<group>";
		};
		C891367C2D4A4A11006C00F9 /* Products */ = {
			isa = PBXGroup;
			children = (
				C891367B2D4A4A11006C00F9 /* Overlay Problem.app */,
				C891368C2D4A4A12006C00F9 /* Overlay ProblemTests.xctest */,
				C89136962D4A4A13006C00F9 /* Overlay ProblemUITests.xctest */,
			);
			name = Products;
			sourceTree = "<group>";
		};
/* End PBXGroup section */

/* Begin PBXNativeTarget section */
		C891367A2D4A4A11006C00F9 /* Overlay Problem */ = {
			isa = PBXNativeTarget;
			buildConfigurationList = C89136A02D4A4A13006C00F9 /* Build configuration list for PBXNativeTarget "Overlay Problem" */;
			buildPhases = (
				C89136772D4A4A11006C00F9 /* Sources */,
				C89136782D4A4A11006C00F9 /* Frameworks */,
				C89136792D4A4A11006C00F9 /* Resources */,
			);
			buildRules = (
			);
			dependencies = (
			);
			fileSystemSynchronizedGroups = (
				C891367D2D4A4A11006C00F9 /* Overlay Problem */,
			);
			name = "Overlay Problem";
			packageProductDependencies = (
			);
			productName = "Overlay Problem";
			productReference = C891367B2D4A4A11006C00F9 /* Overlay Problem.app */;
			productType = "com.apple.product-type.application";
		};
		C891368B2D4A4A12006C00F9 /* Overlay ProblemTests */ = {
			isa = PBXNativeTarget;
			buildConfigurationList = C89136A32D4A4A13006C00F9 /* Build configuration list for PBXNativeTarget "Overlay ProblemTests" */;
			buildPhases = (
				C89136882D4A4A12006C00F9 /* Sources */,
				C89136892D4A4A12006C00F9 /* Frameworks */,
				C891368A2D4A4A12006C00F9 /* Resources */,
			);
			buildRules = (
			);
			dependencies = (
				C891368E2D4A4A12006C00F9 /* PBXTargetDependency */,
			);
			fileSystemSynchronizedGroups = (
				C891368F2D4A4A12006C00F9 /* Overlay ProblemTests */,
			);
			name = "Overlay ProblemTests";
			packageProductDependencies = (
			);
			productName = "Overlay ProblemTests";
			productReference = C891368C2D4A4A12006C00F9 /* Overlay ProblemTests.xctest */;
			productType = "com.apple.product-type.bundle.unit-test";
		};
		C89136952D4A4A13006C00F9 /* Overlay ProblemUITests */ = {
			isa = PBXNativeTarget;
			buildConfigurationList = C89136A62D4A4A13006C00F9 /* Build configuration list for PBXNativeTarget "Overlay ProblemUITests" */;
			buildPhases = (
				C89136922D4A4A13006C00F9 /* Sources */,
				C89136932D4A4A13006C00F9 /* Frameworks */,
				C89136942D4A4A13006C00F9 /* Resources */,
			);
			buildRules = (
			);
			dependencies = (
				C89136982D4A4A13006C00F9 /* PBXTargetDependency */,
			);
			fileSystemSynchronizedGroups = (
				C89136992D4A4A13006C00F9 /* Overlay ProblemUITests */,
			);
			name = "Overlay ProblemUITests";
			packageProductDependencies = (
			);
			productName = "Overlay ProblemUITests";
			productReference = C89136962D4A4A13006C00F9 /* Overlay ProblemUITests.xctest */;
			productType = "com.apple.product-type.bundle.ui-testing";
		};
/* End PBXNativeTarget section */

/* Begin PBXProject section */
		C89136732D4A4A11006C00F9 /* Project object */ = {
			isa = PBXProject;
			attributes = {
				BuildIndependentTargetsInParallel = 1;
				LastSwiftUpdateCheck = 1620;
				LastUpgradeCheck = 1620;
				TargetAttributes = {
					C891367A2D4A4A11006C00F9 = {
						CreatedOnToolsVersion = 16.2;
					};
					C891368B2D4A4A12006C00F9 = {
						CreatedOnToolsVersion = 16.2;
						TestTargetID = C891367A2D4A4A11006C00F9;
					};
					C89136952D4A4A13006C00F9 = {
						CreatedOnToolsVersion = 16.2;
						TestTargetID = C891367A2D4A4A11006C00F9;
					};
				};
			};
			buildConfigurationList = C89136762D4A4A11006C00F9 /* Build configuration list for PBXProject "Overlay Problem" */;
			developmentRegion = en;
			hasScannedForEncodings = 0;
			knownRegions = (
				en,
				Base,
			);
			mainGroup = C89136722D4A4A11006C00F9;
			minimizedProjectReferenceProxies = 1;
			preferredProjectObjectVersion = 77;
			productRefGroup = C891367C2D4A4A11006C00F9 /* Products */;
			projectDirPath = "";
			projectRoot = "";
			targets = (
				C891367A2D4A4A11006C00F9 /* Overlay Problem */,
				C891368B2D4A4A12006C00F9 /* Overlay ProblemTests */,
				C89136952D4A4A13006C00F9 /* Overlay ProblemUITests */,
			);
		};
/* End PBXProject section */

/* Begin PBXResourcesBuildPhase section */
		C89136792D4A4A11006C00F9 /* Resources */ = {
			isa = PBXResourcesBuildPhase;
			buildActionMask = 2147483647;
			files = (
			);
			runOnlyForDeploymentPostprocessing = 0;
		};
		C891368A2D4A4A12006C00F9 /* Resources */ = {
			isa = PBXResourcesBuildPhase;
			buildActionMask = 2147483647;
			files = (
			);
			runOnlyForDeploymentPostprocessing = 0;
		};
		C89136942D4A4A13006C00F9 /* Resources */ = {
			isa = PBXResourcesBuildPhase;
			buildActionMask = 2147483647;
			files = (
			);
			runOnlyForDeploymentPostprocessing = 0;
		};
/* End PBXResourcesBuildPhase section */

/* Begin PBXSourcesBuildPhase section */
		C89136772D4A4A11006C00F9 /* Sources */ = {
			isa = PBXSourcesBuildPhase;
			buildActionMask = 2147483647;
			files = (
			);
			runOnlyForDeploymentPostprocessing = 0;
		};
		C89136882D4A4A12006C00F9 /* Sources */ = {
			isa = PBXSourcesBuildPhase;
			buildActionMask = 2147483647;
			files = (
			);
			runOnlyForDeploymentPostprocessing = 0;
		};
		C89136922D4A4A13006C00F9 /* Sources */ = {
			isa = PBXSourcesBuildPhase;
			buildActionMask = 2147483647;
			files = (
			);
			runOnlyForDeploymentPostprocessing = 0;
		};
/* End PBXSourcesBuildPhase section */

/* Begin PBXTargetDependency section */
		C891368E2D4A4A12006C00F9 /* PBXTargetDependency */ = {
			isa = PBXTargetDependency;
			target = C891367A2D4A4A11006C00F9 /* Overlay Problem */;
			targetProxy = C891368D2D4A4A12006C00F9 /* PBXContainerItemProxy */;
		};
		C89136982D4A4A13006C00F9 /* PBXTargetDependency */ = {
			isa = PBXTargetDependency;
			target = C891367A2D4A4A11006C00F9 /* Overlay Problem */;
			targetProxy = C89136972D4A4A13006C00F9 /* PBXContainerItemProxy */;
		};
/* End PBXTargetDependency section */

/* Begin XCBuildConfiguration section */
		C891369E2D4A4A13006C00F9 /* Debug */ = {
			isa = XCBuildConfiguration;
			buildSettings = {
				ALWAYS_SEARCH_USER_PATHS = NO;
				ASSETCATALOG_COMPILER_GENERATE_SWIFT_ASSET_SYMBOL_EXTENSIONS = YES;
				CLANG_ANALYZER_NONNULL = YES;
				CLANG_ANALYZER_NUMBER_OBJECT_CONVERSION = YES_AGGRESSIVE;
				CLANG_CXX_LANGUAGE_STANDARD = "gnu++20";
				CLANG_ENABLE_MODULES = YES;
				CLANG_ENABLE_OBJC_ARC = YES;
				CLANG_ENABLE_OBJC_WEAK = YES;
				CLANG_WARN_BLOCK_CAPTURE_AUTORELEASING = YES;
				CLANG_WARN_BOOL_CONVERSION = YES;
				CLANG_WARN_COMMA = YES;
				CLANG_WARN_CONSTANT_CONVERSION = YES;
				CLANG_WARN_DEPRECATED_OBJC_IMPLEMENTATIONS = YES;
				CLANG_WARN_DIRECT_OBJC_ISA_USAGE = YES_ERROR;
				CLANG_WARN_DOCUMENTATION_COMMENTS = YES;
				CLANG_WARN_EMPTY_BODY = YES;
				CLANG_WARN_ENUM_CONVERSION = YES;
				CLANG_WARN_INFINITE_RECURSION = YES;
				CLANG_WARN_INT_CONVERSION = YES;
				CLANG_WARN_NON_LITERAL_NULL_CONVERSION = YES;
				CLANG_WARN_OBJC_IMPLICIT_RETAIN_SELF = YES;
				CLANG_WARN_OBJC_LITERAL_CONVERSION = YES;
				CLANG_WARN_OBJC_ROOT_CLASS = YES_ERROR;
				CLANG_WARN_QUOTED_INCLUDE_IN_FRAMEWORK_HEADER = YES;
				CLANG_WARN_RANGE_LOOP_ANALYSIS = YES;
				CLANG_WARN_STRICT_PROTOTYPES = YES;
				CLANG_WARN_SUSPICIOUS_MOVE = YES;
				CLANG_WARN_UNGUARDED_AVAILABILITY = YES_AGGRESSIVE;
				CLANG_WARN_UNREACHABLE_CODE = YES;
				CLANG_WARN__DUPLICATE_METHOD_MATCH = YES;
				COPY_PHASE_STRIP = NO;
				DEBUG_INFORMATION_FORMAT = dwarf;
				ENABLE_STRICT_OBJC_MSGSEND = YES;
				ENABLE_TESTABILITY = YES;
				ENABLE_USER_SCRIPT_SANDBOXING = YES;
				GCC_C_LANGUAGE_STANDARD = gnu17;
				GCC_DYNAMIC_NO_PIC = NO;
				GCC_NO_COMMON_BLOCKS = YES;
				GCC_OPTIMIZATION_LEVEL = 0;
				GCC_PREPROCESSOR_DEFINITIONS = (
					"DEBUG=1",
					"$(inherited)",
				);
				GCC_WARN_64_TO_32_BIT_CONVERSION = YES;
				GCC_WARN_ABOUT_RETURN_TYPE = YES_ERROR;
				GCC_WARN_UNDECLARED_SELECTOR = YES;
				GCC_WARN_UNINITIALIZED_AUTOS = YES_AGGRESSIVE;
				GCC_WARN_UNUSED_FUNCTION = YES;
				GCC_WARN_UNUSED_VARIABLE = YES;
				LOCALIZATION_PREFERS_STRING_CATALOGS = YES;
				MACOSX_DEPLOYMENT_TARGET = 15.1;
				MTL_ENABLE_DEBUG_INFO = INCLUDE_SOURCE;
				MTL_FAST_MATH = YES;
				ONLY_ACTIVE_ARCH = YES;
				SDKROOT = macosx;
				SWIFT_ACTIVE_COMPILATION_CONDITIONS = "DEBUG $(inherited)";
				SWIFT_OPTIMIZATION_LEVEL = "-Onone";
			};
			name = Debug;
		};
		C891369F2D4A4A13006C00F9 /* Release */ = {
			isa = XCBuildConfiguration;
			buildSettings = {
				ALWAYS_SEARCH_USER_PATHS = NO;
				ASSETCATALOG_COMPILER_GENERATE_SWIFT_ASSET_SYMBOL_EXTENSIONS = YES;
				CLANG_ANALYZER_NONNULL = YES;
				CLANG_ANALYZER_NUMBER_OBJECT_CONVERSION = YES_AGGRESSIVE;
				CLANG_CXX_LANGUAGE_STANDARD = "gnu++20";
				CLANG_ENABLE_MODULES = YES;
				CLANG_ENABLE_OBJC_ARC = YES;
				CLANG_ENABLE_OBJC_WEAK = YES;
				CLANG_WARN_BLOCK_CAPTURE_AUTORELEASING = YES;
				CLANG_WARN_BOOL_CONVERSION = YES;
				CLANG_WARN_COMMA = YES;
				CLANG_WARN_CONSTANT_CONVERSION = YES;
				CLANG_WARN_DEPRECATED_OBJC_IMPLEMENTATIONS = YES;
				CLANG_WARN_DIRECT_OBJC_ISA_USAGE = YES_ERROR;
				CLANG_WARN_DOCUMENTATION_COMMENTS = YES;
				CLANG_WARN_EMPTY_BODY = YES;
				CLANG_WARN_ENUM_CONVERSION = YES;
				CLANG_WARN_INFINITE_RECURSION = YES;
				CLANG_WARN_INT_CONVERSION = YES;
				CLANG_WARN_NON_LITERAL_NULL_CONVERSION = YES;
				CLANG_WARN_OBJC_IMPLICIT_RETAIN_SELF = YES;
				CLANG_WARN_OBJC_LITERAL_CONVERSION = YES;
				CLANG_WARN_OBJC_ROOT_CLASS = YES_ERROR;
				CLANG_WARN_QUOTED_INCLUDE_IN_FRAMEWORK_HEADER = YES;
				CLANG_WARN_RANGE_LOOP_ANALYSIS = YES;
				CLANG_WARN_STRICT_PROTOTYPES = YES;
				CLANG_WARN_SUSPICIOUS_MOVE = YES;
				CLANG_WARN_UNGUARDED_AVAILABILITY = YES_AGGRESSIVE;
				CLANG_WARN_UNREACHABLE_CODE = YES;
				CLANG_WARN__DUPLICATE_METHOD_MATCH = YES;
				COPY_PHASE_STRIP = NO;
				DEBUG_INFORMATION_FORMAT = "dwarf-with-dsym";
				ENABLE_NS_ASSERTIONS = NO;
				ENABLE_STRICT_OBJC_MSGSEND = YES;
				ENABLE_USER_SCRIPT_SANDBOXING = YES;
				GCC_C_LANGUAGE_STANDARD = gnu17;
				GCC_NO_COMMON_BLOCKS = YES;
				GCC_WARN_64_TO_32_BIT_CONVERSION = YES;
				GCC_WARN_ABOUT_RETURN_TYPE = YES_ERROR;
				GCC_WARN_UNDECLARED_SELECTOR = YES;
				GCC_WARN_UNINITIALIZED_AUTOS = YES_AGGRESSIVE;
				GCC_WARN_UNUSED_FUNCTION = YES;
				GCC_WARN_UNUSED_VARIABLE = YES;
				LOCALIZATION_PREFERS_STRING_CATALOGS = YES;
				MACOSX_DEPLOYMENT_TARGET = 15.1;
				MTL_ENABLE_DEBUG_INFO = NO;
				MTL_FAST_MATH = YES;
				SDKROOT = macosx;
				SWIFT_COMPILATION_MODE = wholemodule;
			};
			name = Release;
		};
		C89136A12D4A4A13006C00F9 /* Debug */ = {
			isa = XCBuildConfiguration;
			buildSettings = {
				ASSETCATALOG_COMPILER_APPICON_NAME = AppIcon;
				ASSETCATALOG_COMPILER_GLOBAL_ACCENT_COLOR_NAME = AccentColor;
				CODE_SIGN_ENTITLEMENTS = "Overlay Problem/Overlay_Problem.entitlements";
				CODE_SIGN_STYLE = Automatic;
				COMBINE_HIDPI_IMAGES = YES;
				CURRENT_PROJECT_VERSION = 1;
				GENERATE_INFOPLIST_FILE = YES;
				INFOPLIST_KEY_NSHumanReadableCopyright = "";
				INFOPLIST_KEY_NSMainStoryboardFile = Main;
				INFOPLIST_KEY_NSPrincipalClass = NSApplication;
				LD_RUNPATH_SEARCH_PATHS = (
					"$(inherited)",
					"@executable_path/../Frameworks",
				);
				MACOSX_DEPLOYMENT_TARGET = 12.4;
				MARKETING_VERSION = 1.0;
				PRODUCT_BUNDLE_IDENTIFIER = "com.mortenjust.Overlay-Problem";
				PRODUCT_NAME = "$(TARGET_NAME)";
				SWIFT_EMIT_LOC_STRINGS = YES;
				SWIFT_VERSION = 5.0;
			};
			name = Debug;
		};
		C89136A22D4A4A13006C00F9 /* Release */ = {
			isa = XCBuildConfiguration;
			buildSettings = {
				ASSETCATALOG_COMPILER_APPICON_NAME = AppIcon;
				ASSETCATALOG_COMPILER_GLOBAL_ACCENT_COLOR_NAME = AccentColor;
				CODE_SIGN_ENTITLEMENTS = "Overlay Problem/Overlay_Problem.entitlements";
				CODE_SIGN_STYLE = Automatic;
				COMBINE_HIDPI_IMAGES = YES;
				CURRENT_PROJECT_VERSION = 1;
				GENERATE_INFOPLIST_FILE = YES;
				INFOPLIST_KEY_NSHumanReadableCopyright = "";
				INFOPLIST_KEY_NSMainStoryboardFile = Main;
				INFOPLIST_KEY_NSPrincipalClass = NSApplication;
				LD_RUNPATH_SEARCH_PATHS = (
					"$(inherited)",
					"@executable_path/../Frameworks",
				);
				MACOSX_DEPLOYMENT_TARGET = 12.4;
				MARKETING_VERSION = 1.0;
				PRODUCT_BUNDLE_IDENTIFIER = "com.mortenjust.Overlay-Problem";
				PRODUCT_NAME = "$(TARGET_NAME)";
				SWIFT_EMIT_LOC_STRINGS = YES;
				SWIFT_VERSION = 5.0;
			};
			name = Release;
		};
		C89136A42D4A4A13006C00F9 /* Debug */ = {
			isa = XCBuildConfiguration;
			buildSettings = {
				BUNDLE_LOADER = "$(TEST_HOST)";
				CODE_SIGN_STYLE = Automatic;
				CURRENT_PROJECT_VERSION = 1;
				GENERATE_INFOPLIST_FILE = YES;
				MACOSX_DEPLOYMENT_TARGET = 15.1;
				MARKETING_VERSION = 1.0;
				PRODUCT_BUNDLE_IDENTIFIER = "com.mortenjust.Overlay-ProblemTests";
				PRODUCT_NAME = "$(TARGET_NAME)";
				SWIFT_EMIT_LOC_STRINGS = NO;
				SWIFT_VERSION = 5.0;
				TEST_HOST = "$(BUILT_PRODUCTS_DIR)/Overlay Problem.app/$(BUNDLE_EXECUTABLE_FOLDER_PATH)/Overlay Problem";
			};
			name = Debug;
		};
		C89136A52D4A4A13006C00F9 /* Release */ = {
			isa = XCBuildConfiguration;
			buildSettings = {
				BUNDLE_LOADER = "$(TEST_HOST)";
				CODE_SIGN_STYLE = Automatic;
				CURRENT_PROJECT_VERSION = 1;
				GENERATE_INFOPLIST_FILE = YES;
				MACOSX_DEPLOYMENT_TARGET = 15.1;
				MARKETING_VERSION = 1.0;
				PRODUCT_BUNDLE_IDENTIFIER = "com.mortenjust.Overlay-ProblemTests";
				PRODUCT_NAME = "$(TARGET_NAME)";
				SWIFT_EMIT_LOC_STRINGS = NO;
				SWIFT_VERSION = 5.0;
				TEST_HOST = "$(BUILT_PRODUCTS_DIR)/Overlay Problem.app/$(BUNDLE_EXECUTABLE_FOLDER_PATH)/Overlay Problem";
			};
			name = Release;
		};
		C89136A72D4A4A13006C00F9 /* Debug */ = {
			isa = XCBuildConfiguration;
			buildSettings = {
				CODE_SIGN_STYLE = Automatic;
				CURRENT_PROJECT_VERSION = 1;
				GENERATE_INFOPLIST_FILE = YES;
				MARKETING_VERSION = 1.0;
				PRODUCT_BUNDLE_IDENTIFIER = "com.mortenjust.Overlay-ProblemUITests";
				PRODUCT_NAME = "$(TARGET_NAME)";
				SWIFT_EMIT_LOC_STRINGS = NO;
				SWIFT_VERSION = 5.0;
				TEST_TARGET_NAME = "Overlay Problem";
			};
			name = Debug;
		};
		C89136A82D4A4A13006C00F9 /* Release */ = {
			isa = XCBuildConfiguration;
			buildSettings = {
				CODE_SIGN_STYLE = Automatic;
				CURRENT_PROJECT_VERSION = 1;
				GENERATE_INFOPLIST_FILE = YES;
				MARKETING_VERSION = 1.0;
				PRODUCT_BUNDLE_IDENTIFIER = "com.mortenjust.Overlay-ProblemUITests";
				PRODUCT_NAME = "$(TARGET_NAME)";
				SWIFT_EMIT_LOC_STRINGS = NO;
				SWIFT_VERSION = 5.0;
				TEST_TARGET_NAME = "Overlay Problem";
			};
			name = Release;
		};
/* End XCBuildConfiguration section */

/* Begin XCConfigurationList section */
		C89136762D4A4A11006C00F9 /* Build configuration list for PBXProject "Overlay Problem" */ = {
			isa = XCConfigurationList;
			buildConfigurations = (
				C891369E2D4A4A13006C00F9 /* Debug */,
				C891369F2D4A4A13006C00F9 /* Release */,
			);
			defaultConfigurationIsVisible = 0;
			defaultConfigurationName = Release;
		};
		C89136A02D4A4A13006C00F9 /* Build configuration list for PBXNativeTarget "Overlay Problem" */ = {
			isa = XCConfigurationList;
			buildConfigurations = (
				C89136A12D4A4A13006C00F9 /* Debug */,
				C89136A22D4A4A13006C00F9 /* Release */,
			);
			defaultConfigurationIsVisible = 0;
			defaultConfigurationName = Release;
		};
		C89136A32D4A4A13006C00F9 /* Build configuration list for PBXNativeTarget "Overlay ProblemTests" */ = {
			isa = XCConfigurationList;
			buildConfigurations = (
				C89136A42D4A4A13006C00F9 /* Debug */,
				C89136A52D4A4A13006C00F9 /* Release */,
			);
			defaultConfigurationIsVisible = 0;
			defaultConfigurationName = Release;
		};
		C89136A62D4A4A13006C00F9 /* Build configuration list for PBXNativeTarget "Overlay ProblemUITests" */ = {
			isa = XCConfigurationList;
			buildConfigurations = (
				C89136A72D4A4A13006C00F9 /* Debug */,
				C89136A82D4A4A13006C00F9 /* Release */,
			);
			defaultConfigurationIsVisible = 0;
			defaultConfigurationName = Release;
		};
/* End XCConfigurationList section */
	};
	rootObject = C89136732D4A4A11006C00F9 /* Project object */;
}
